// !$*UTF8*$!
{
	archiveVersion = 1;
	classes = {
	};
	objectVersion = 46;
	objects = {

/* Begin PBXBuildFile section */
		00098AAD187557D600E81E6E /* Foundation.framework in Frameworks */ = {isa = PBXBuildFile; fileRef = 00098AAC187557D600E81E6E /* Foundation.framework */; };
		00098AAF187557D600E81E6E /* CoreGraphics.framework in Frameworks */ = {isa = PBXBuildFile; fileRef = 00098AAE187557D600E81E6E /* CoreGraphics.framework */; };
		00098AB1187557D600E81E6E /* UIKit.framework in Frameworks */ = {isa = PBXBuildFile; fileRef = 00098AB0187557D600E81E6E /* UIKit.framework */; };
		00098AB7187557D600E81E6E /* InfoPlist.strings in Resources */ = {isa = PBXBuildFile; fileRef = 00098AB5187557D600E81E6E /* InfoPlist.strings */; };
		00098AB9187557D600E81E6E /* main.m in Sources */ = {isa = PBXBuildFile; fileRef = 00098AB8187557D600E81E6E /* main.m */; };
		00098ABD187557D600E81E6E /* AppDelegate.m in Sources */ = {isa = PBXBuildFile; fileRef = 00098ABC187557D600E81E6E /* AppDelegate.m */; };
		00098AC0187557D600E81E6E /* Main.storyboard in Resources */ = {isa = PBXBuildFile; fileRef = 00098ABE187557D600E81E6E /* Main.storyboard */; };
		00098AC3187557D600E81E6E /* ViewController.m in Sources */ = {isa = PBXBuildFile; fileRef = 00098AC2187557D600E81E6E /* ViewController.m */; };
		00098AC5187557D600E81E6E /* Images.xcassets in Resources */ = {isa = PBXBuildFile; fileRef = 00098AC4187557D600E81E6E /* Images.xcassets */; };
		00098ACC187557D600E81E6E /* XCTest.framework in Frameworks */ = {isa = PBXBuildFile; fileRef = 00098ACB187557D600E81E6E /* XCTest.framework */; };
		00098ACD187557D600E81E6E /* Foundation.framework in Frameworks */ = {isa = PBXBuildFile; fileRef = 00098AAC187557D600E81E6E /* Foundation.framework */; };
		00098ACE187557D600E81E6E /* UIKit.framework in Frameworks */ = {isa = PBXBuildFile; fileRef = 00098AB0187557D600E81E6E /* UIKit.framework */; };
		00098AD6187557D600E81E6E /* InfoPlist.strings in Resources */ = {isa = PBXBuildFile; fileRef = 00098AD4187557D600E81E6E /* InfoPlist.strings */; };
		00098AD8187557D600E81E6E /* Gallery1Tests.m in Sources */ = {isa = PBXBuildFile; fileRef = 00098AD7187557D600E81E6E /* Gallery1Tests.m */; };
/* End PBXBuildFile section */

/* Begin PBXContainerItemProxy section */
		00098ACF187557D600E81E6E /* PBXContainerItemProxy */ = {
			isa = PBXContainerItemProxy;
			containerPortal = 00098AA1187557D600E81E6E /* Project object */;
			proxyType = 1;
			remoteGlobalIDString = 00098AA8187557D600E81E6E;
			remoteInfo = Gallery1;
		};
/* End PBXContainerItemProxy section */

/* Begin PBXFileReference section */
		00098AA9187557D600E81E6E /* Gallery1.app */ = {isa = PBXFileReference; explicitFileType = wrapper.application; includeInIndex = 0; path = Gallery1.app; sourceTree = BUILT_PRODUCTS_DIR; };
		00098AAC187557D600E81E6E /* Foundation.framework */ = {isa = PBXFileReference; lastKnownFileType = wrapper.framework; name = Foundation.framework; path = System/Library/Frameworks/Foundation.framework; sourceTree = SDKROOT; };
		00098AAE187557D600E81E6E /* CoreGraphics.framework */ = {isa = PBXFileReference; lastKnownFileType = wrapper.framework; name = CoreGraphics.framework; path = System/Library/Frameworks/CoreGraphics.framework; sourceTree = SDKROOT; };
		00098AB0187557D600E81E6E /* UIKit.framework */ = {isa = PBXFileReference; lastKnownFileType = wrapper.framework; name = UIKit.framework; path = System/Library/Frameworks/UIKit.framework; sourceTree = SDKROOT; };
		00098AB4187557D600E81E6E /* Gallery1-Info.plist */ = {isa = PBXFileReference; lastKnownFileType = text.plist.xml; path = "Gallery1-Info.plist"; sourceTree = "<group>"; };
		00098AB6187557D600E81E6E /* en */ = {isa = PBXFileReference; lastKnownFileType = text.plist.strings; name = en; path = en.lproj/InfoPlist.strings; sourceTree = "<group>"; };
		00098AB8187557D600E81E6E /* main.m */ = {isa = PBXFileReference; lastKnownFileType = sourcecode.c.objc; path = main.m; sourceTree = "<group>"; };
		00098ABA187557D600E81E6E /* Gallery1-Prefix.pch */ = {isa = PBXFileReference; lastKnownFileType = sourcecode.c.h; path = "Gallery1-Prefix.pch"; sourceTree = "<group>"; };
		00098ABB187557D600E81E6E /* AppDelegate.h */ = {isa = PBXFileReference; lastKnownFileType = sourcecode.c.h; path = AppDelegate.h; sourceTree = "<group>"; };
		00098ABC187557D600E81E6E /* AppDelegate.m */ = {isa = PBXFileReference; lastKnownFileType = sourcecode.c.objc; path = AppDelegate.m; sourceTree = "<group>"; };
		00098ABF187557D600E81E6E /* Base */ = {isa = PBXFileReference; lastKnownFileType = file.storyboard; name = Base; path = Base.lproj/Main.storyboard; sourceTree = "<group>"; };
		00098AC1187557D600E81E6E /* ViewController.h */ = {isa = PBXFileReference; lastKnownFileType = sourcecode.c.h; path = ViewController.h; sourceTree = "<group>"; };
		00098AC2187557D600E81E6E /* ViewController.m */ = {isa = PBXFileReference; lastKnownFileType = sourcecode.c.objc; path = ViewController.m; sourceTree = "<group>"; };
		00098AC4187557D600E81E6E /* Images.xcassets */ = {isa = PBXFileReference; lastKnownFileType = folder.assetcatalog; path = Images.xcassets; sourceTree = "<group>"; };
		00098ACA187557D600E81E6E /* Gallery1Tests.xctest */ = {isa = PBXFileReference; explicitFileType = wrapper.cfbundle; includeInIndex = 0; path = Gallery1Tests.xctest; sourceTree = BUILT_PRODUCTS_DIR; };
		00098ACB187557D600E81E6E /* XCTest.framework */ = {isa = PBXFileReference; lastKnownFileType = wrapper.framework; name = XCTest.framework; path = Library/Frameworks/XCTest.framework; sourceTree = DEVELOPER_DIR; };
		00098AD3187557D600E81E6E /* Gallery1Tests-Info.plist */ = {isa = PBXFileReference; lastKnownFileType = text.plist.xml; path = "Gallery1Tests-Info.plist"; sourceTree = "<group>"; };
		00098AD5187557D600E81E6E /* en */ = {isa = PBXFileReference; lastKnownFileType = text.plist.strings; name = en; path = en.lproj/InfoPlist.strings; sourceTree = "<group>"; };
		00098AD7187557D600E81E6E /* Gallery1Tests.m */ = {isa = PBXFileReference; lastKnownFileType = sourcecode.c.objc; path = Gallery1Tests.m; sourceTree = "<group>"; };
/* End PBXFileReference section */

/* Begin PBXFrameworksBuildPhase section */
		00098AA6187557D600E81E6E /* Frameworks */ = {
			isa = PBXFrameworksBuildPhase;
			buildActionMask = 2147483647;
			files = (
				00098AAF187557D600E81E6E /* CoreGraphics.framework in Frameworks */,
				00098AB1187557D600E81E6E /* UIKit.framework in Frameworks */,
				00098AAD187557D600E81E6E /* Foundation.framework in Frameworks */,
			);
			runOnlyForDeploymentPostprocessing = 0;
		};
		00098AC7187557D600E81E6E /* Frameworks */ = {
			isa = PBXFrameworksBuildPhase;
			buildActionMask = 2147483647;
			files = (
				00098ACC187557D600E81E6E /* XCTest.framework in Frameworks */,
				00098ACE187557D600E81E6E /* UIKit.framework in Frameworks */,
				00098ACD187557D600E81E6E /* Foundation.framework in Frameworks */,
			);
			runOnlyForDeploymentPostprocessing = 0;
		};
/* End PBXFrameworksBuildPhase section */

/* Begin PBXGroup section */
		00098AA0187557D600E81E6E = {
			isa = PBXGroup;
			children = (
				00098AB2187557D600E81E6E /* Gallery1 */,
				00098AD1187557D600E81E6E /* Gallery1Tests */,
				00098AAB187557D600E81E6E /* Frameworks */,
				00098AAA187557D600E81E6E /* Products */,
			);
			sourceTree = "<group>";
		};
		00098AAA187557D600E81E6E /* Products */ = {
			isa = PBXGroup;
			children = (
				00098AA9187557D600E81E6E /* Gallery1.app */,
				00098ACA187557D600E81E6E /* Gallery1Tests.xctest */,
			);
			name = Products;
			sourceTree = "<group>";
		};
		00098AAB187557D600E81E6E /* Frameworks */ = {
			isa = PBXGroup;
			children = (
				00098AAC187557D600E81E6E /* Foundation.framework */,
				00098AAE187557D600E81E6E /* CoreGraphics.framework */,
				00098AB0187557D600E81E6E /* UIKit.framework */,
				00098ACB187557D600E81E6E /* XCTest.framework */,
			);
			name = Frameworks;
			sourceTree = "<group>";
		};
		00098AB2187557D600E81E6E /* Gallery1 */ = {
			isa = PBXGroup;
			children = (
				00098ABB187557D600E81E6E /* AppDelegate.h */,
				00098ABC187557D600E81E6E /* AppDelegate.m */,
				00098ABE187557D600E81E6E /* Main.storyboard */,
				00098AC1187557D600E81E6E /* ViewController.h */,
				00098AC2187557D600E81E6E /* ViewController.m */,
				00098AC4187557D600E81E6E /* Images.xcassets */,
				00098AB3187557D600E81E6E /* Supporting Files */,
			);
			path = Gallery1;
			sourceTree = "<group>";
		};
		00098AB3187557D600E81E6E /* Supporting Files */ = {
			isa = PBXGroup;
			children = (
				00098AB4187557D600E81E6E /* Gallery1-Info.plist */,
				00098AB5187557D600E81E6E /* InfoPlist.strings */,
				00098AB8187557D600E81E6E /* main.m */,
				00098ABA187557D600E81E6E /* Gallery1-Prefix.pch */,
			);
			name = "Supporting Files";
			sourceTree = "<group>";
		};
		00098AD1187557D600E81E6E /* Gallery1Tests */ = {
			isa = PBXGroup;
			children = (
				00098AD7187557D600E81E6E /* Gallery1Tests.m */,
				00098AD2187557D600E81E6E /* Supporting Files */,
			);
			path = Gallery1Tests;
			sourceTree = "<group>";
		};
		00098AD2187557D600E81E6E /* Supporting Files */ = {
			isa = PBXGroup;
			children = (
				00098AD3187557D600E81E6E /* Gallery1Tests-Info.plist */,
				00098AD4187557D600E81E6E /* InfoPlist.strings */,
			);
			name = "Supporting Files";
			sourceTree = "<group>";
		};
/* End PBXGroup section */

/* Begin PBXNativeTarget section */
		00098AA8187557D600E81E6E /* Gallery1 */ = {
			isa = PBXNativeTarget;
			buildConfigurationList = 00098ADB187557D600E81E6E /* Build configuration list for PBXNativeTarget "Gallery1" */;
			buildPhases = (
				00098AA5187557D600E81E6E /* Sources */,
				00098AA6187557D600E81E6E /* Frameworks */,
				00098AA7187557D600E81E6E /* Resources */,
			);
			buildRules = (
			);
			dependencies = (
			);
			name = Gallery1;
			productName = Gallery1;
			productReference = 00098AA9187557D600E81E6E /* Gallery1.app */;
			productType = "com.apple.product-type.application";
		};
		00098AC9187557D600E81E6E /* Gallery1Tests */ = {
			isa = PBXNativeTarget;
			buildConfigurationList = 00098ADE187557D600E81E6E /* Build configuration list for PBXNativeTarget "Gallery1Tests" */;
			buildPhases = (
				00098AC6187557D600E81E6E /* Sources */,
				00098AC7187557D600E81E6E /* Frameworks */,
				00098AC8187557D600E81E6E /* Resources */,
			);
			buildRules = (
			);
			dependencies = (
				00098AD0187557D600E81E6E /* PBXTargetDependency */,
			);
			name = Gallery1Tests;
			productName = Gallery1Tests;
			productReference = 00098ACA187557D600E81E6E /* Gallery1Tests.xctest */;
			productType = "com.apple.product-type.bundle.unit-test";
		};
/* End PBXNativeTarget section */

/* Begin PBXProject section */
		00098AA1187557D600E81E6E /* Project object */ = {
			isa = PBXProject;
			attributes = {
				LastUpgradeCheck = 0500;
				ORGANIZATIONNAME = "SDT-1";
				TargetAttributes = {
					00098AC9187557D600E81E6E = {
						TestTargetID = 00098AA8187557D600E81E6E;
					};
				};
			};
			buildConfigurationList = 00098AA4187557D600E81E6E /* Build configuration list for PBXProject "Gallery1" */;
			compatibilityVersion = "Xcode 3.2";
			developmentRegion = English;
			hasScannedForEncodings = 0;
			knownRegions = (
				en,
				Base,
			);
			mainGroup = 00098AA0187557D600E81E6E;
			productRefGroup = 00098AAA187557D600E81E6E /* Products */;
			projectDirPath = "";
			projectRoot = "";
			targets = (
				00098AA8187557D600E81E6E /* Gallery1 */,
				00098AC9187557D600E81E6E /* Gallery1Tests */,
			);
		};
/* End PBXProject section */

/* Begin PBXResourcesBuildPhase section */
		00098AA7187557D600E81E6E /* Resources */ = {
			isa = PBXResourcesBuildPhase;
			buildActionMask = 2147483647;
			files = (
				00098AC5187557D600E81E6E /* Images.xcassets in Resources */,
				00098AB7187557D600E81E6E /* InfoPlist.strings in Resources */,
				00098AC0187557D600E81E6E /* Main.storyboard in Resources */,
			);
			runOnlyForDeploymentPostprocessing = 0;
		};
		00098AC8187557D600E81E6E /* Resources */ = {
			isa = PBXResourcesBuildPhase;
			buildActionMask = 2147483647;
			files = (
				00098AD6187557D600E81E6E /* InfoPlist.strings in Resources */,
			);
			runOnlyForDeploymentPostprocessing = 0;
		};
/* End PBXResourcesBuildPhase section */

/* Begin PBXSourcesBuildPhase section */
		00098AA5187557D600E81E6E /* Sources */ = {
			isa = PBXSourcesBuildPhase;
			buildActionMask = 2147483647;
			files = (
				00098AC3187557D600E81E6E /* ViewController.m in Sources */,
				00098ABD187557D600E81E6E /* AppDelegate.m in Sources */,
				00098AB9187557D600E81E6E /* main.m in Sources */,
			);
			runOnlyForDeploymentPostprocessing = 0;
		};
		00098AC6187557D600E81E6E /* Sources */ = {
			isa = PBXSourcesBuildPhase;
			buildActionMask = 2147483647;
			files = (
				00098AD8187557D600E81E6E /* Gallery1Tests.m in Sources */,
			);
			runOnlyForDeploymentPostprocessing = 0;
		};
/* End PBXSourcesBuildPhase section */

/* Begin PBXTargetDependency section */
		00098AD0187557D600E81E6E /* PBXTargetDependency */ = {
			isa = PBXTargetDependency;
			target = 00098AA8187557D600E81E6E /* Gallery1 */;
			targetProxy = 00098ACF187557D600E81E6E /* PBXContainerItemProxy */;
		};
/* End PBXTargetDependency section */

/* Begin PBXVariantGroup section */
		00098AB5187557D600E81E6E /* InfoPlist.strings */ = {
			isa = PBXVariantGroup;
			children = (
				00098AB6187557D600E81E6E /* en */,
			);
			name = InfoPlist.strings;
			sourceTree = "<group>";
		};
		00098ABE187557D600E81E6E /* Main.storyboard */ = {
			isa = PBXVariantGroup;
			children = (
				00098ABF187557D600E81E6E /* Base */,
			);
			name = Main.storyboard;
			sourceTree = "<group>";
		};
		00098AD4187557D600E81E6E /* InfoPlist.strings */ = {
			isa = PBXVariantGroup;
			children = (
				00098AD5187557D600E81E6E /* en */,
			);
			name = InfoPlist.strings;
			sourceTree = "<group>";
		};
/* End PBXVariantGroup section */

/* Begin XCBuildConfiguration section */
		00098AD9187557D600E81E6E /* Debug */ = {
			isa = XCBuildConfiguration;
			buildSettings = {
				ALWAYS_SEARCH_USER_PATHS = NO;
				ARCHS = "$(ARCHS_STANDARD_INCLUDING_64_BIT)";
				CLANG_CXX_LANGUAGE_STANDARD = "gnu++0x";
				CLANG_CXX_LIBRARY = "libc++";
				CLANG_ENABLE_MODULES = YES;
				CLANG_ENABLE_OBJC_ARC = YES;
				CLANG_WARN_BOOL_CONVERSION = YES;
				CLANG_WARN_CONSTANT_CONVERSION = YES;
				CLANG_WARN_DIRECT_OBJC_ISA_USAGE = YES_ERROR;
				CLANG_WARN_EMPTY_BODY = YES;
				CLANG_WARN_ENUM_CONVERSION = YES;
				CLANG_WARN_INT_CONVERSION = YES;
				CLANG_WARN_OBJC_ROOT_CLASS = YES_ERROR;
				CLANG_WARN__DUPLICATE_METHOD_MATCH = YES;
				"CODE_SIGN_IDENTITY[sdk=iphoneos*]" = "iPhone Developer";
				COPY_PHASE_STRIP = NO;
				GCC_C_LANGUAGE_STANDARD = gnu99;
				GCC_DYNAMIC_NO_PIC = NO;
				GCC_OPTIMIZATION_LEVEL = 0;
				GCC_PREPROCESSOR_DEFINITIONS = (
					"DEBUG=1",
					"$(inherited)",
				);
				GCC_SYMBOLS_PRIVATE_EXTERN = NO;
				GCC_WARN_64_TO_32_BIT_CONVERSION = YES;
				GCC_WARN_ABOUT_RETURN_TYPE = YES_ERROR;
				GCC_WARN_UNDECLARED_SELECTOR = YES;
				GCC_WARN_UNINITIALIZED_AUTOS = YES;
				GCC_WARN_UNUSED_FUNCTION = YES;
				GCC_WARN_UNUSED_VARIABLE = YES;
				IPHONEOS_DEPLOYMENT_TARGET = 7.0;
				ONLY_ACTIVE_ARCH = YES;
				SDKROOT = iphoneos;
			};
			name = Debug;
		};
		00098ADA187557D600E81E6E /* Release */ = {
			isa = XCBuildConfiguration;
			buildSettings = {
				ALWAYS_SEARCH_USER_PATHS = NO;
				ARCHS = "$(ARCHS_STANDARD_INCLUDING_64_BIT)";
				CLANG_CXX_LANGUAGE_STANDARD = "gnu++0x";
				CLANG_CXX_LIBRARY = "libc++";
				CLANG_ENABLE_MODULES = YES;
				CLANG_ENABLE_OBJC_ARC = YES;
				CLANG_WARN_BOOL_CONVERSION = YES;
				CLANG_WARN_CONSTANT_CONVERSION = YES;
				CLANG_WARN_DIRECT_OBJC_ISA_USAGE = YES_ERROR;
				CLANG_WARN_EMPTY_BODY = YES;
				CLANG_WARN_ENUM_CONVERSION = YES;
				CLANG_WARN_INT_CONVERSION = YES;
				CLANG_WARN_OBJC_ROOT_CLASS = YES_ERROR;
				CLANG_WARN__DUPLICATE_METHOD_MATCH = YES;
				"CODE_SIGN_IDENTITY[sdk=iphoneos*]" = "iPhone Developer";
				COPY_PHASE_STRIP = YES;
				ENABLE_NS_ASSERTIONS = NO;
				GCC_C_LANGUAGE_STANDARD = gnu99;
				GCC_WARN_64_TO_32_BIT_CONVERSION = YES;
				GCC_WARN_ABOUT_RETURN_TYPE = YES_ERROR;
				GCC_WARN_UNDECLARED_SELECTOR = YES;
				GCC_WARN_UNINITIALIZED_AUTOS = YES;
				GCC_WARN_UNUSED_FUNCTION = YES;
				GCC_WARN_UNUSED_VARIABLE = YES;
				IPHONEOS_DEPLOYMENT_TARGET = 7.0;
				SDKROOT = iphoneos;
				VALIDATE_PRODUCT = YES;
			};
			name = Release;
		};
		00098ADC187557D600E81E6E /* Debug */ = {
			isa = XCBuildConfiguration;
			buildSettings = {
				ASSETCATALOG_COMPILER_APPICON_NAME = AppIcon;
				ASSETCATALOG_COMPILER_LAUNCHIMAGE_NAME = LaunchImage;
				GCC_PRECOMPILE_PREFIX_HEADER = YES;
				GCC_PREFIX_HEADER = "Gallery1/Gallery1-Prefix.pch";
				INFOPLIST_FILE = "Gallery1/Gallery1-Info.plist";
				PRODUCT_NAME = "$(TARGET_NAME)";
				WRAPPER_EXTENSION = app;
			};
			name = Debug;
		};
		00098ADD187557D600E81E6E /* Release */ = {
			isa = XCBuildConfiguration;
			buildSettings = {
				ASSETCATALOG_COMPILER_APPICON_NAME = AppIcon;
				ASSETCATALOG_COMPILER_LAUNCHIMAGE_NAME = LaunchImage;
				GCC_PRECOMPILE_PREFIX_HEADER = YES;
				GCC_PREFIX_HEADER = "Gallery1/Gallery1-Prefix.pch";
				INFOPLIST_FILE = "Gallery1/Gallery1-Info.plist";
				PRODUCT_NAME = "$(TARGET_NAME)";
				WRAPPER_EXTENSION = app;
			};
			name = Release;
		};
		00098ADF187557D600E81E6E /* Debug */ = {
			isa = XCBuildConfiguration;
			buildSettings = {
				ARCHS = "$(ARCHS_STANDARD_INCLUDING_64_BIT)";
				BUNDLE_LOADER = "$(BUILT_PRODUCTS_DIR)/Gallery1.app/Gallery1";
				FRAMEWORK_SEARCH_PATHS = (
					"$(SDKROOT)/Developer/Library/Frameworks",
					"$(inherited)",
					"$(DEVELOPER_FRAMEWORKS_DIR)",
				);
				GCC_PRECOMPILE_PREFIX_HEADER = YES;
				GCC_PREFIX_HEADER = "Gallery1/Gallery1-Prefix.pch";
				GCC_PREPROCESSOR_DEFINITIONS = (
					"DEBUG=1",
					"$(inherited)",
				);
				INFOPLIST_FILE = "Gallery1Tests/Gallery1Tests-Info.plist";
				PRODUCT_NAME = "$(TARGET_NAME)";
				TEST_HOST = "$(BUNDLE_LOADER)";
				WRAPPER_EXTENSION = xctest;
			};
			name = Debug;
		};
		00098AE0187557D600E81E6E /* Release */ = {
			isa = XCBuildConfiguration;
			buildSettings = {
				ARCHS = "$(ARCHS_STANDARD_INCLUDING_64_BIT)";
				BUNDLE_LOADER = "$(BUILT_PRODUCTS_DIR)/Gallery1.app/Gallery1";
				FRAMEWORK_SEARCH_PATHS = (
					"$(SDKROOT)/Developer/Library/Frameworks",
					"$(inherited)",
					"$(DEVELOPER_FRAMEWORKS_DIR)",
				);
				GCC_PRECOMPILE_PREFIX_HEADER = YES;
				GCC_PREFIX_HEADER = "Gallery1/Gallery1-Prefix.pch";
				INFOPLIST_FILE = "Gallery1Tests/Gallery1Tests-Info.plist";
				PRODUCT_NAME = "$(TARGET_NAME)";
				TEST_HOST = "$(BUNDLE_LOADER)";
				WRAPPER_EXTENSION = xctest;
			};
			name = Release;
		};
/* End XCBuildConfiguration section */

/* Begin XCConfigurationList section */
		00098AA4187557D600E81E6E /* Build configuration list for PBXProject "Gallery1" */ = {
			isa = XCConfigurationList;
			buildConfigurations = (
				00098AD9187557D600E81E6E /* Debug */,
				00098ADA187557D600E81E6E /* Release */,
			);
			defaultConfigurationIsVisible = 0;
			defaultConfigurationName = Release;
		};
		00098ADB187557D600E81E6E /* Build configuration list for PBXNativeTarget "Gallery1" */ = {
			isa = XCConfigurationList;
			buildConfigurations = (
				00098ADC187557D600E81E6E /* Debug */,
				00098ADD187557D600E81E6E /* Release */,
			);
			defaultConfigurationIsVisible = 0;
		};
		00098ADE187557D600E81E6E /* Build configuration list for PBXNativeTarget "Gallery1Tests" */ = {
			isa = XCConfigurationList;
			buildConfigurations = (
				00098ADF187557D600E81E6E /* Debug */,
				00098AE0187557D600E81E6E /* Release */,
			);
			defaultConfigurationIsVisible = 0;
		};
/* End XCConfigurationList section */
	};
	rootObject = 00098AA1187557D600E81E6E /* Project object */;
}
